
Microsoft Visual Studio Solution File, Format Version 12.00
# Visual Studio Version 16
VisualStudioVersion = 16.0.808.8
MinimumVisualStudioVersion = 10.0.40219.1
Project("{FAE04EC0-301F-11D3-BF4B-00C04F79EFBC}") = "website_01", "website_01.csproj", "{BA4F5AE8-991D-48AF-8D3A-BC9D8D1E3429}"
EndProject
Global
	GlobalSection(SolutionConfigurationPlatforms) = preSolution
		Debug|Any CPU = Debug|Any CPU
		Release|Any CPU = Release|Any CPU
	EndGlobalSection
	GlobalSection(ProjectConfigurationPlatforms) = postSolution
		{BA4F5AE8-991D-48AF-8D3A-BC9D8D1E3429}.Debug|Any CPU.ActiveCfg = Debug|Any CPU
		{BA4F5AE8-991D-48AF-8D3A-BC9D8D1E3429}.Debug|Any CPU.Build.0 = Debug|Any CPU
		{BA4F5AE8-991D-48AF-8D3A-BC9D8D1E3429}.Release|Any CPU.ActiveCfg = Release|Any CPU
		{BA4F5AE8-991D-48AF-8D3A-BC9D8D1E3429}.Release|Any CPU.Build.0 = Release|Any CPU
	EndGlobalSection
	GlobalSection(SolutionProperties) = preSolution
		HideSolutionNode = FALSE
	EndGlobalSection
	GlobalSection(ExtensibilityGlobals) = postSolution
		SolutionGuid = {7A1C5799-9FFD-4413-8084-0F4D0F503C6C}
	EndGlobalSection
EndGlobal
